dependencies:
- name: mysql
  repository: oci://registry-1.docker.io/bitnamicharts
  version: 14.0.3
- name: redis
  repository: oci://registry-1.docker.io/bitnamicharts
  version: 18.12.0
digest: sha256:0ef635bfe573776e1713997ecba16fe56836ca354c0ecb33ae854bcc87736e99
generated: "2026-08-13T13:04:12.145033056+02:00"
